
Microsoft Visual Studio Solution File, Format Version 12.00
# Visual Studio Version 17
VisualStudioVersion = 17.1.32421.90
MinimumVisualStudioVersion = 10.0.40219.1
Project("{9A19103F-16F7-4668-BE54-9A1E7A4F7556}") = "PetShopApp", "PetShopApp.csproj", "{83036007-BDA0-407D-ADE2-6F1A6879BBD2}"
EndProject
Global
	GlobalSection(SolutionConfigurationPlatforms) = preSolution
		Debug|x64 = Debug|x64
		Debug|x86 = Debug|x86
		Release|x64 = Release|x64
		Release|x86 = Release|x86
	EndGlobalSection
	GlobalSection(ProjectConfigurationPlatforms) = postSolution
		{83036007-BDA0-407D-ADE2-6F1A6879BBD2}.Debug|x64.ActiveCfg = Debug|x64
		{83036007-BDA0-407D-ADE2-6F1A6879BBD2}.Debug|x64.Build.0 = Debug|x64
		{83036007-BDA0-407D-ADE2-6F1A6879BBD2}.Debug|x86.ActiveCfg = Debug|Any CPU
		{83036007-BDA0-407D-ADE2-6F1A6879BBD2}.Debug|x86.Build.0 = Debug|Any CPU
		{83036007-BDA0-407D-ADE2-6F1A6879BBD2}.Release|x64.ActiveCfg = Release|x64
		{83036007-BDA0-407D-ADE2-6F1A6879BBD2}.Release|x64.Build.0 = Release|x64
		{83036007-BDA0-407D-ADE2-6F1A6879BBD2}.Release|x86.ActiveCfg = Release|x86
		{83036007-BDA0-407D-ADE2-6F1A6879BBD2}.Release|x86.Build.0 = Release|x86
	EndGlobalSection
	GlobalSection(SolutionProperties) = preSolution
		HideSolutionNode = FALSE
	EndGlobalSection
	GlobalSection(ExtensibilityGlobals) = postSolution
		SolutionGuid = {9B8272F8-68BD-4E73-9208-D474C94DAC3B}
	EndGlobalSection
EndGlobal
